
Microsoft Visual Studio Solution File, Format Version 12.00
# Visual Studio 14
VisualStudioVersion = 14.0.22823.1
MinimumVisualStudioVersion = 10.0.40219.1
Project("{FAE04EC0-301F-11D3-BF4B-00C04F79EFBC}") = "Tetris", "Tetris\Tetris.csproj", "{A292F80D-FAA7-4494-9C97-9E0103F93075}"
EndProject
Global
	GlobalSection(SolutionConfigurationPlatforms) = preSolution
		Debug|Any CPU = Debug|Any CPU
		Debug|x86 = Debug|x86
		Release|Any CPU = Release|Any CPU
		Release|x86 = Release|x86
	EndGlobalSection
	GlobalSection(ProjectConfigurationPlatforms) = postSolution
		{A292F80D-FAA7-4494-9C97-9E0103F93075}.Debug|Any CPU.ActiveCfg = Debug|Any CPU
		{A292F80D-FAA7-4494-9C97-9E0103F93075}.Debug|Any CPU.Build.0 = Debug|Any CPU
		{A292F80D-FAA7-4494-9C97-9E0103F93075}.Debug|x86.ActiveCfg = Debug|x86
		{A292F80D-FAA7-4494-9C97-9E0103F93075}.Debug|x86.Build.0 = Debug|x86
		{A292F80D-FAA7-4494-9C97-9E0103F93075}.Release|Any CPU.ActiveCfg = Release|Any CPU
		{A292F80D-FAA7-4494-9C97-9E0103F93075}.Release|Any CPU.Build.0 = Release|Any CPU
		{A292F80D-FAA7-4494-9C97-9E0103F93075}.Release|x86.ActiveCfg = Release|x86
		{A292F80D-FAA7-4494-9C97-9E0103F93075}.Release|x86.Build.0 = Release|x86
	EndGlobalSection
	GlobalSection(SolutionProperties) = preSolution
		HideSolutionNode = FALSE
	EndGlobalSection
EndGlobal
